<Solution>
  <Folder Name="/docs/">
    <File Path="docs/EP-TAMIN-API.md" />
  </Folder>
  <Folder Name="/Solution Items/">
    <File Path="Directory.Build.props" />
    <File Path="tag.ps1" />
  </Folder>
  <Folder Name="/src/">
    <Project Path="src/EP.Tamin.NET/EP.Tamin.NET.csproj" />
  </Folder>
  <Folder Name="/tests/">
    <Project Path="tests/EP.Tamin.NET.Tests/EP.Tamin.NET.Tests.csproj" />
  </Folder>
</Solution>
