<Solution>
  <Folder Name="/docs/">
    <File Path="docs/EP-TAMIN-API.md" />
  </Folder>
  <Folder Name="/Solution Items/">
    <File Path="Directory.Build.props" />
    <File Path="tag.ps1" />
  </Folder>
  <Folder Name="/src/">
    <Project Path="src/Vorn.Tamin/Vorn.Tamin.csproj" />
    <Project Path="Vorn.Tamin.Kiota/Vorn.Tamin.Kiota.csproj" Id="d5377239-d081-4865-937b-3cf9115e1fca" />
  </Folder>
  <Folder Name="/tests/">
    <Project Path="tests/Vorn.Tamin.Tests/Vorn.Tamin.Tests.csproj" />
  </Folder>
</Solution>
