<Solution>
  <Folder Name="/items/">
    <File Path="Directory.Build.props" />
  </Folder>
  <Folder Name="/src/" />
  <Folder Name="/src/Tamin/">
    <Project Path="src/Tamin/Tamin.Client.Account/Tamin.Client.Account.csproj" />
    <Project Path="src/Tamin/Tamin.Client.Api/Tamin.Client.Api.csproj" />
    <Project Path="src/Tamin/Tamin.Client.Soa/Tamin.Client.Soa.csproj" />
    <Project Path="src/Tamin/Tamin.Integration.Tests/Tamin.Integration.Tests.csproj" />
    <Project Path="src/Tamin/Tamin.Integration/Tamin.Integration.csproj" />
  </Folder>
  <Folder Name="/tests/" />
</Solution>
