<Solution>
  <Folder Name="/docs/">
    <File Path="docs/EP-TAMIN-API.md" />
  </Folder>
  <Folder Name="/items/">
    <File Path="Directory.Build.props" />
  </Folder>
  <Folder Name="/src/">
    <Project Path="src/Vorn.Tamin/Vorn.Tamin.csproj" />
  </Folder>
  <Folder Name="/tests/">
    <Project Path="tests/Vorn.Tamin.Tests/Vorn.Tamin.Tests.csproj" />
  </Folder>
</Solution>
